Microsoft Visual Studio Solution File, Format Version 12.00
# Visual Studio Version 17
VisualStudioVersion = 17.8.34330.188
MinimumVisualStudioVersion = 10.0.40219.1
Project("{FAE04EC0-301F-11D3-BF4B-00C04F79EFBC}") = "Coder.Core", "Coder.Core\Coder.Core.csproj", "{34AC102C-E11E-4F69-8D72-83C1747A40CC}"
EndProject
Project("{FAE04EC0-301F-11D3-BF4B-00C04F79EFBC}") = "Coder.ConsoleApp", "Coder.ConsoleApp\Coder.ConsoleApp.csproj", "{532F7C07-37F7-40E7-8D00-B217D639AB1C}"
EndProject
Project("{FAE04EC0-301F-11D3-BF4B-00C04F79EFBC}") = "Coder.Test", "Coder.Test\Coder.Test.csproj", "{E62622F7-CB10-46D9-9FD7-D6AFB407A076}"
EndProject
Global
	GlobalSection(SolutionConfigurationPlatforms) = preSolution
		Debug|Any CPU = Debug|Any CPU
		Release|Any CPU = Release|Any CPU
	EndGlobalSection
	GlobalSection(ProjectConfigurationPlatforms) = postSolution
		{34AC102C-E11E-4F69-8D72-83C1747A40CC}.Debug|Any CPU.ActiveCfg = Debug|Any CPU
		{34AC102C-E11E-4F69-8D72-83C1747A40CC}.Debug|Any CPU.Build.0 = Debug|Any CPU
		{34AC102C-E11E-4F69-8D72-83C1747A40CC}.Release|Any CPU.ActiveCfg = Release|Any CPU
		{34AC102C-E11E-4F69-8D72-83C1747A40CC}.Release|Any CPU.Build.0 = Release|Any CPU
		{532F7C07-37F7-40E7-8D00-B217D639AB1C}.Debug|Any CPU.ActiveCfg = Debug|Any CPU
		{532F7C07-37F7-40E7-8D00-B217D639AB1C}.Debug|Any CPU.Build.0 = Debug|Any CPU
		{532F7C07-37F7-40E7-8D00-B217D639AB1C}.Release|Any CPU.ActiveCfg = Release|Any CPU
		{532F7C07-37F7-40E7-8D00-B217D639AB1C}.Release|Any CPU.Build.0 = Release|Any CPU
		{E62622F7-CB10-46D9-9FD7-D6AFB407A076}.Debug|Any CPU.ActiveCfg = Debug|Any CPU
		{E62622F7-CB10-46D9-9FD7-D6AFB407A076}.Debug|Any CPU.Build.0 = Debug|Any CPU
		{E62622F7-CB10-46D9-9FD7-D6AFB407A076}.Release|Any CPU.ActiveCfg = Release|Any CPU
		{E62622F7-CB10-46D9-9FD7-D6AFB407A076}.Release|Any CPU.Build.0 = Release|Any CPU
	EndGlobalSection
	GlobalSection(SolutionProperties) = preSolution
		HideSolutionNode = FALSE
	EndGlobalSection
	GlobalSection(ExtensibilityGlobals) = postSolution
		SolutionGuid = {449dc655-fead-4dd8-9ad1-5f731b7a8dfa}
	EndGlobalSection
EndGlobal
